// !$*UTF8*$!
{
	archiveVersion = 1;
	classes = {
	};
	objectVersion = 56;
	objects = {

/* Begin PBXBuildFile section */
		BB0A70632CBF822500084289 /* RSAWorker.swift in Sources */ = {isa = PBXBuildFile; fileRef = BB0A70622CBF822500084289 /* RSAWorker.swift */; };
		BB3B162E2CEC95AA0049F5F2 /* ZipManager.swift in Sources */ = {isa = PBXBuildFile; fileRef = BB3B162D2CEC95AA0049F5F2 /* ZipManager.swift */; };
		BB3B16312CEC96980049F5F2 /* DependencyInjector.swift in Sources */ = {isa = PBXBuildFile; fileRef = BB3B16302CEC96980049F5F2 /* DependencyInjector.swift */; };
		BB3B16352CEC96C30049F5F2 /* DependencyError.swift in Sources */ = {isa = PBXBuildFile; fileRef = BB3B16342CEC96C30049F5F2 /* DependencyError.swift */; };
		BB3B16392CEC96FA0049F5F2 /* Inject.swift in Sources */ = {isa = PBXBuildFile; fileRef = BB3B16382CEC96FA0049F5F2 /* Inject.swift */; };
		BB3B163B2CEC97290049F5F2 /* WeakInject.swift in Sources */ = {isa = PBXBuildFile; fileRef = BB3B163A2CEC97290049F5F2 /* WeakInject.swift */; };
		BB3B163D2CEC97470049F5F2 /* Provider.swift in Sources */ = {isa = PBXBuildFile; fileRef = BB3B163C2CEC97470049F5F2 /* Provider.swift */; };
		BB3B16442CEC97A20049F5F2 /* KeychainWrapper.swift in Sources */ = {isa = PBXBuildFile; fileRef = BB3B16432CEC97A20049F5F2 /* KeychainWrapper.swift */; };
		BB3B16462CEC97EF0049F5F2 /* SecureField.swift in Sources */ = {isa = PBXBuildFile; fileRef = BB3B16452CEC97EF0049F5F2 /* SecureField.swift */; };
		BB3B16492CECAB160049F5F2 /* PublishedProperty.swift in Sources */ = {isa = PBXBuildFile; fileRef = BB3B16482CECAB160049F5F2 /* PublishedProperty.swift */; };
		BB3B164B2CECAB2C0049F5F2 /* PublishedAction.swift in Sources */ = {isa = PBXBuildFile; fileRef = BB3B164A2CECAB2C0049F5F2 /* PublishedAction.swift */; };
		BB3B164D2CECAB690049F5F2 /* Publisher+extension.swift in Sources */ = {isa = PBXBuildFile; fileRef = BB3B164C2CECAB690049F5F2 /* Publisher+extension.swift */; };
		BB3B16502CECB0B60049F5F2 /* UserDefault.swift in Sources */ = {isa = PBXBuildFile; fileRef = BB3B164F2CECB0B60049F5F2 /* UserDefault.swift */; };
		BB3C2EF82C6A0CBC00149867 /* DependencyFactory.swift in Sources */ = {isa = PBXBuildFile; fileRef = BB3C2EF72C6A0CBC00149867 /* DependencyFactory.swift */; };
		BB3C2EFB2C6A0D5A00149867 /* NetworkResponseProtocol.swift in Sources */ = {isa = PBXBuildFile; fileRef = BB3C2EFA2C6A0D5A00149867 /* NetworkResponseProtocol.swift */; };
		BB3C2EFD2C6A0D6C00149867 /* EndPointProtocol.swift in Sources */ = {isa = PBXBuildFile; fileRef = BB3C2EFC2C6A0D6C00149867 /* EndPointProtocol.swift */; };
		BB3C2EFF2C6A0D8900149867 /* ParameterEncoder.swift in Sources */ = {isa = PBXBuildFile; fileRef = BB3C2EFE2C6A0D8900149867 /* ParameterEncoder.swift */; };
		BB3C2F012C6A0D9900149867 /* HTTPMethod.swift in Sources */ = {isa = PBXBuildFile; fileRef = BB3C2F002C6A0D9900149867 /* HTTPMethod.swift */; };
		BB3C2F032C6A0DA800149867 /* NetworkError.swift in Sources */ = {isa = PBXBuildFile; fileRef = BB3C2F022C6A0DA800149867 /* NetworkError.swift */; };
		BB3C2F052C6A0DB600149867 /* ConsoleLogger.swift in Sources */ = {isa = PBXBuildFile; fileRef = BB3C2F042C6A0DB600149867 /* ConsoleLogger.swift */; };
		BB3C2F072C6A0DE300149867 /* Bundle+extension.swift in Sources */ = {isa = PBXBuildFile; fileRef = BB3C2F062C6A0DE300149867 /* Bundle+extension.swift */; };
		BB3C2F092C6A0E2800149867 /* NetworkManager.swift in Sources */ = {isa = PBXBuildFile; fileRef = BB3C2F082C6A0E2800149867 /* NetworkManager.swift */; };
		BB3C2F0B2C6A10F800149867 /* ServiceLocator.swift in Sources */ = {isa = PBXBuildFile; fileRef = BB3C2F0A2C6A10F800149867 /* ServiceLocator.swift */; };
		BB3C76C82CFCDFDF005217AF /* View+extension.swift in Sources */ = {isa = PBXBuildFile; fileRef = BB3C76C72CFCDFDF005217AF /* View+extension.swift */; };
		BB3C76CA2CFD502D005217AF /* UIApplication+extension.swift in Sources */ = {isa = PBXBuildFile; fileRef = BB3C76C92CFD502D005217AF /* UIApplication+extension.swift */; };
		BB8A14152C36649C00F18CE8 /* UnmanagedWrapper.swift in Sources */ = {isa = PBXBuildFile; fileRef = BB8A14142C36649C00F18CE8 /* UnmanagedWrapper.swift */; };
		BBA9A1632DB77423002BC7FB /* FaceAnalysis.swift in Sources */ = {isa = PBXBuildFile; fileRef = BBA9A1622DB77423002BC7FB /* FaceAnalysis.swift */; };
		BBAFFBC52C340D12005703B0 /* EasyCode.docc in Sources */ = {isa = PBXBuildFile; fileRef = BBAFFBC42C340D12005703B0 /* EasyCode.docc */; };
		BBAFFBCB2C340D12005703B0 /* EasyCode.framework in Frameworks */ = {isa = PBXBuildFile; fileRef = BBAFFBC02C340D12005703B0 /* EasyCode.framework */; };
		BBAFFBD02C340D12005703B0 /* EasyCodeTests.swift in Sources */ = {isa = PBXBuildFile; fileRef = BBAFFBCF2C340D12005703B0 /* EasyCodeTests.swift */; };
		BBAFFBD12C340D12005703B0 /* EasyCode.h in Headers */ = {isa = PBXBuildFile; fileRef = BBAFFBC32C340D12005703B0 /* EasyCode.h */; settings = {ATTRIBUTES = (Public, ); }; };
		BBAFFBDC2C340DF2005703B0 /* BinaryFloatingPoint+extension.swift in Sources */ = {isa = PBXBuildFile; fileRef = BBAFFBDB2C340DF2005703B0 /* BinaryFloatingPoint+extension.swift */; };
		BBAFFBDE2C340E20005703B0 /* PerformManager.swift in Sources */ = {isa = PBXBuildFile; fileRef = BBAFFBDD2C340E20005703B0 /* PerformManager.swift */; };
		BBAFFBE22C340EB6005703B0 /* ThreadSafe.swift in Sources */ = {isa = PBXBuildFile; fileRef = BBAFFBE12C340EB6005703B0 /* ThreadSafe.swift */; };
		BBAFFBE42C340EE7005703B0 /* CoreDataManager.swift in Sources */ = {isa = PBXBuildFile; fileRef = BBAFFBE32C340EE7005703B0 /* CoreDataManager.swift */; };
		BBAFFBE62C341881005703B0 /* NotificationManager.swift in Sources */ = {isa = PBXBuildFile; fileRef = BBAFFBE52C341881005703B0 /* NotificationManager.swift */; };
		BBAFFBE82C3418AA005703B0 /* NotificationAction.swift in Sources */ = {isa = PBXBuildFile; fileRef = BBAFFBE72C3418AA005703B0 /* NotificationAction.swift */; };
		BBAFFBEA2C34194A005703B0 /* UIColor+extension.swift in Sources */ = {isa = PBXBuildFile; fileRef = BBAFFBE92C34194A005703B0 /* UIColor+extension.swift */; };
		BBAFFBEC2C341987005703B0 /* String+extension.swift in Sources */ = {isa = PBXBuildFile; fileRef = BBAFFBEB2C341987005703B0 /* String+extension.swift */; };
		BBAFFBEE2C341A98005703B0 /* Array+extension.swift in Sources */ = {isa = PBXBuildFile; fileRef = BBAFFBED2C341A98005703B0 /* Array+extension.swift */; };
		BBAFFBF02C341B35005703B0 /* Dictionary+extension.swift in Sources */ = {isa = PBXBuildFile; fileRef = BBAFFBEF2C341B35005703B0 /* Dictionary+extension.swift */; };
		BBAFFBF22C341C31005703B0 /* EncryptionCryptoProtocol.swift in Sources */ = {isa = PBXBuildFile; fileRef = BBAFFBF12C341C31005703B0 /* EncryptionCryptoProtocol.swift */; };
		BBAFFBF42C341C59005703B0 /* EncryptionError.swift in Sources */ = {isa = PBXBuildFile; fileRef = BBAFFBF32C341C59005703B0 /* EncryptionError.swift */; };
		BBAFFBF62C341CC2005703B0 /* UIView+extension.swift in Sources */ = {isa = PBXBuildFile; fileRef = BBAFFBF52C341CC2005703B0 /* UIView+extension.swift */; };
		BBAFFBF82C341D33005703B0 /* UIView+constraints.swift in Sources */ = {isa = PBXBuildFile; fileRef = BBAFFBF72C341D33005703B0 /* UIView+constraints.swift */; };
		BBAFFBFA2C341DA1005703B0 /* NSLayoutConstraint+extension.swift in Sources */ = {isa = PBXBuildFile; fileRef = BBAFFBF92C341DA1005703B0 /* NSLayoutConstraint+extension.swift */; };
		BBAFFBFC2C341DCB005703B0 /* KeychainService.swift in Sources */ = {isa = PBXBuildFile; fileRef = BBAFFBFB2C341DCB005703B0 /* KeychainService.swift */; };
		BBAFFBFE2C341FE4005703B0 /* JailbreakDetection.swift in Sources */ = {isa = PBXBuildFile; fileRef = BBAFFBFD2C341FE4005703B0 /* JailbreakDetection.swift */; };
		BBAFFC002C342012005703B0 /* RegularExpression.swift in Sources */ = {isa = PBXBuildFile; fileRef = BBAFFBFF2C342012005703B0 /* RegularExpression.swift */; };
		BBAFFC022C342126005703B0 /* Character+extension.swift in Sources */ = {isa = PBXBuildFile; fileRef = BBAFFC012C342126005703B0 /* Character+extension.swift */; };
		BBAFFC042C342152005703B0 /* Date+extension.swift in Sources */ = {isa = PBXBuildFile; fileRef = BBAFFC032C342152005703B0 /* Date+extension.swift */; };
		BBAFFC062C342171005703B0 /* Locale+extension.swift in Sources */ = {isa = PBXBuildFile; fileRef = BBAFFC052C342171005703B0 /* Locale+extension.swift */; };
		BBAFFC082C34218B005703B0 /* URL+extension.swift in Sources */ = {isa = PBXBuildFile; fileRef = BBAFFC072C34218B005703B0 /* URL+extension.swift */; };
		BBAFFC0A2C3421EF005703B0 /* Logger.swift in Sources */ = {isa = PBXBuildFile; fileRef = BBAFFC092C3421EF005703B0 /* Logger.swift */; };
		BBAFFC0C2C34220F005703B0 /* MeasureTest.swift in Sources */ = {isa = PBXBuildFile; fileRef = BBAFFC0B2C34220F005703B0 /* MeasureTest.swift */; };
		BBAFFC0E2C34225C005703B0 /* JSONWorker.swift in Sources */ = {isa = PBXBuildFile; fileRef = BBAFFC0D2C34225C005703B0 /* JSONWorker.swift */; };
		BBAFFC102C342274005703B0 /* DispatchWorker.swift in Sources */ = {isa = PBXBuildFile; fileRef = BBAFFC0F2C342274005703B0 /* DispatchWorker.swift */; };
		BBAFFC122C3422DD005703B0 /* NetworkMonitor.swift in Sources */ = {isa = PBXBuildFile; fileRef = BBAFFC112C3422DD005703B0 /* NetworkMonitor.swift */; };
		BBAFFC142C342328005703B0 /* DebounceProvider.swift in Sources */ = {isa = PBXBuildFile; fileRef = BBAFFC132C342328005703B0 /* DebounceProvider.swift */; };
		BBAFFC162C342349005703B0 /* HostingView.swift in Sources */ = {isa = PBXBuildFile; fileRef = BBAFFC152C342349005703B0 /* HostingView.swift */; };
		BBAFFC182C342430005703B0 /* UIViewController+extension.swift in Sources */ = {isa = PBXBuildFile; fileRef = BBAFFC172C342430005703B0 /* UIViewController+extension.swift */; };
		BBAFFC1A2C34252F005703B0 /* Observable.swift in Sources */ = {isa = PBXBuildFile; fileRef = BBAFFC192C34252F005703B0 /* Observable.swift */; };
		BBAFFC1C2C342689005703B0 /* KeyboardNotificationProtocol.swift in Sources */ = {isa = PBXBuildFile; fileRef = BBAFFC1B2C342689005703B0 /* KeyboardNotificationProtocol.swift */; };
		BBAFFC202C34278A005703B0 /* UIImage+extension.swift in Sources */ = {isa = PBXBuildFile; fileRef = BBAFFC1F2C34278A005703B0 /* UIImage+extension.swift */; };
		BBAFFC222C3427C0005703B0 /* Decimal+extension.swift in Sources */ = {isa = PBXBuildFile; fileRef = BBAFFC212C3427C0005703B0 /* Decimal+extension.swift */; };
		BBAFFC242C342840005703B0 /* DynamicHeightCollectionView.swift in Sources */ = {isa = PBXBuildFile; fileRef = BBAFFC232C342840005703B0 /* DynamicHeightCollectionView.swift */; };
		BBAFFC262C342850005703B0 /* UITableView+extension.swift in Sources */ = {isa = PBXBuildFile; fileRef = BBAFFC252C342850005703B0 /* UITableView+extension.swift */; };
		BBAFFC282C342862005703B0 /* UICollectionView+extension.swift in Sources */ = {isa = PBXBuildFile; fileRef = BBAFFC272C342862005703B0 /* UICollectionView+extension.swift */; };
		BBAFFC2A2C342877005703B0 /* Encodable+extension.swift in Sources */ = {isa = PBXBuildFile; fileRef = BBAFFC292C342877005703B0 /* Encodable+extension.swift */; };
		BBAFFC2C2C342887005703B0 /* SelfSizedTableView.swift in Sources */ = {isa = PBXBuildFile; fileRef = BBAFFC2B2C342887005703B0 /* SelfSizedTableView.swift */; };
		BBAFFC2E2C342A0D005703B0 /* UserDefaultsStore.swift in Sources */ = {isa = PBXBuildFile; fileRef = BBAFFC2D2C342A0D005703B0 /* UserDefaultsStore.swift */; };
		BBAFFC302C345AF9005703B0 /* LocalFileManager.swift in Sources */ = {isa = PBXBuildFile; fileRef = BBAFFC2F2C345AF9005703B0 /* LocalFileManager.swift */; };
		BBB163A22C3701D800182E37 /* PasswordValidator.swift in Sources */ = {isa = PBXBuildFile; fileRef = BBB163A12C3701D800182E37 /* PasswordValidator.swift */; };
		BBBCE96E2CFCB7A10061DB04 /* LoggerTableViewController.swift in Sources */ = {isa = PBXBuildFile; fileRef = BBBCE96D2CFCB7A10061DB04 /* LoggerTableViewController.swift */; };
		BBBCE9702CFCB7C30061DB04 /* LoggerCell.swift in Sources */ = {isa = PBXBuildFile; fileRef = BBBCE96F2CFCB7C30061DB04 /* LoggerCell.swift */; };
		BBBCE9722CFCB7D80061DB04 /* LoggerDetailsViewController.swift in Sources */ = {isa = PBXBuildFile; fileRef = BBBCE9712CFCB7D80061DB04 /* LoggerDetailsViewController.swift */; };
		BBBCE9742CFCB7F80061DB04 /* LoggerDetailCell.swift in Sources */ = {isa = PBXBuildFile; fileRef = BBBCE9732CFCB7F80061DB04 /* LoggerDetailCell.swift */; };
		BBBCE9762CFCB80C0061DB04 /* LoggerRow.swift in Sources */ = {isa = PBXBuildFile; fileRef = BBBCE9752CFCB80C0061DB04 /* LoggerRow.swift */; };
		BBBCE9782CFCB82D0061DB04 /* IdentifiedRequest.swift in Sources */ = {isa = PBXBuildFile; fileRef = BBBCE9772CFCB82D0061DB04 /* IdentifiedRequest.swift */; };
		BBBCE97A2CFCB8500061DB04 /* NetworkGlobals.swift in Sources */ = {isa = PBXBuildFile; fileRef = BBBCE9792CFCB8500061DB04 /* NetworkGlobals.swift */; };
		BBBCE97C2CFCBAE70061DB04 /* Typealiases.swift in Sources */ = {isa = PBXBuildFile; fileRef = BBBCE97B2CFCBAE70061DB04 /* Typealiases.swift */; };
		BBBCE97F2CFCBCF10061DB04 /* DrawerLineView.swift in Sources */ = {isa = PBXBuildFile; fileRef = BBBCE97E2CFCBCF10061DB04 /* DrawerLineView.swift */; };
		BBBCE9812CFCBD550061DB04 /* BottomSheetPresentationController.swift in Sources */ = {isa = PBXBuildFile; fileRef = BBBCE9802CFCBD550061DB04 /* BottomSheetPresentationController.swift */; };
		BBBCE9832CFCBD870061DB04 /* BottomSheetTransitioningDelegate.swift in Sources */ = {isa = PBXBuildFile; fileRef = BBBCE9822CFCBD870061DB04 /* BottomSheetTransitioningDelegate.swift */; };
		BBBD51EA2C36803600557CD3 /* ContactsWorker.swift in Sources */ = {isa = PBXBuildFile; fileRef = BBBD51E92C36803600557CD3 /* ContactsWorker.swift */; };
		BBBD51EC2C369B5700557CD3 /* ImageFilter.swift in Sources */ = {isa = PBXBuildFile; fileRef = BBBD51EB2C369B5700557CD3 /* ImageFilter.swift */; };
		BBBD51F02C36A1E500557CD3 /* AVCaptureDevice+extension.swift in Sources */ = {isa = PBXBuildFile; fileRef = BBBD51EF2C36A1E500557CD3 /* AVCaptureDevice+extension.swift */; };
		BBBD51F22C36A92500557CD3 /* DeviceInformation.swift in Sources */ = {isa = PBXBuildFile; fileRef = BBBD51F12C36A92500557CD3 /* DeviceInformation.swift */; };
		BBBD51F42C36AC0000557CD3 /* Data+extension.swift in Sources */ = {isa = PBXBuildFile; fileRef = BBBD51F32C36AC0000557CD3 /* Data+extension.swift */; };
		BBCC22D12C3513CD00CC19C9 /* TemporaryImageCache.swift in Sources */ = {isa = PBXBuildFile; fileRef = BBCC22D02C3513CD00CC19C9 /* TemporaryImageCache.swift */; };
		BBCC22D52C35208F00CC19C9 /* BiometricIDAuth.swift in Sources */ = {isa = PBXBuildFile; fileRef = BBCC22D42C35208F00CC19C9 /* BiometricIDAuth.swift */; };
		BBCC22D72C35246200CC19C9 /* NLLanguage+extension.swift in Sources */ = {isa = PBXBuildFile; fileRef = BBCC22D62C35246200CC19C9 /* NLLanguage+extension.swift */; };
		BBCC22D92C352ADF00CC19C9 /* MailConfiguration.swift in Sources */ = {isa = PBXBuildFile; fileRef = BBCC22D82C352ADF00CC19C9 /* MailConfiguration.swift */; };
		BBE498CA2D2D06930085233A /* BackgroundTaskManager.swift in Sources */ = {isa = PBXBuildFile; fileRef = BBE498C92D2D06930085233A /* BackgroundTaskManager.swift */; };
		BBEB8E3A2D2CFB6B00988E03 /* UnownedInject.swift in Sources */ = {isa = PBXBuildFile; fileRef = BBEB8E392D2CFB6B00988E03 /* UnownedInject.swift */; };
		BBEBFB5E2D3E03D600E566A6 /* WebSocketManagerDelegate.swift in Sources */ = {isa = PBXBuildFile; fileRef = BBEBFB5D2D3E03D600E566A6 /* WebSocketManagerDelegate.swift */; };
		BBEBFB602D3E03E800E566A6 /* WebSocketEndPointProtocol.swift in Sources */ = {isa = PBXBuildFile; fileRef = BBEBFB5F2D3E03E800E566A6 /* WebSocketEndPointProtocol.swift */; };
		BBEBFB622D3E03F500E566A6 /* WebSocketManager.swift in Sources */ = {isa = PBXBuildFile; fileRef = BBEBFB612D3E03F500E566A6 /* WebSocketManager.swift */; };
		BBEE8D752C6B679C00133020 /* PaddedLabel.swift in Sources */ = {isa = PBXBuildFile; fileRef = BBEE8D742C6B679C00133020 /* PaddedLabel.swift */; };
		BBEE8D772C6B6BB500133020 /* TipViewController.swift in Sources */ = {isa = PBXBuildFile; fileRef = BBEE8D762C6B6BB500133020 /* TipViewController.swift */; };
/* End PBXBuildFile section */

/* Begin PBXContainerItemProxy section */
		BBAFFBCC2C340D12005703B0 /* PBXContainerItemProxy */ = {
			isa = PBXContainerItemProxy;
			containerPortal = BBAFFBB72C340D12005703B0 /* Project object */;
			proxyType = 1;
			remoteGlobalIDString = BBAFFBBF2C340D12005703B0;
			remoteInfo = EasyCode;
		};
/* End PBXContainerItemProxy section */

/* Begin PBXFileReference section */
		BB0A70622CBF822500084289 /* RSAWorker.swift */ = {isa = PBXFileReference; lastKnownFileType = sourcecode.swift; path = RSAWorker.swift; sourceTree = "<group>"; };
		BB3B162D2CEC95AA0049F5F2 /* ZipManager.swift */ = {isa = PBXFileReference; lastKnownFileType = sourcecode.swift; path = ZipManager.swift; sourceTree = "<group>"; };
		BB3B16302CEC96980049F5F2 /* DependencyInjector.swift */ = {isa = PBXFileReference; lastKnownFileType = sourcecode.swift; path = DependencyInjector.swift; sourceTree = "<group>"; };
		BB3B16342CEC96C30049F5F2 /* DependencyError.swift */ = {isa = PBXFileReference; lastKnownFileType = sourcecode.swift; path = DependencyError.swift; sourceTree = "<group>"; };
		BB3B16382CEC96FA0049F5F2 /* Inject.swift */ = {isa = PBXFileReference; lastKnownFileType = sourcecode.swift; path = Inject.swift; sourceTree = "<group>"; };
		BB3B163A2CEC97290049F5F2 /* WeakInject.swift */ = {isa = PBXFileReference; lastKnownFileType = sourcecode.swift; path = WeakInject.swift; sourceTree = "<group>"; };
		BB3B163C2CEC97470049F5F2 /* Provider.swift */ = {isa = PBXFileReference; lastKnownFileType = sourcecode.swift; path = Provider.swift; sourceTree = "<group>"; };
		BB3B16432CEC97A20049F5F2 /* KeychainWrapper.swift */ = {isa = PBXFileReference; lastKnownFileType = sourcecode.swift; path = KeychainWrapper.swift; sourceTree = "<group>"; };
		BB3B16452CEC97EF0049F5F2 /* SecureField.swift */ = {isa = PBXFileReference; lastKnownFileType = sourcecode.swift; path = SecureField.swift; sourceTree = "<group>"; };
		BB3B16482CECAB160049F5F2 /* PublishedProperty.swift */ = {isa = PBXFileReference; lastKnownFileType = sourcecode.swift; path = PublishedProperty.swift; sourceTree = "<group>"; };
		BB3B164A2CECAB2C0049F5F2 /* PublishedAction.swift */ = {isa = PBXFileReference; lastKnownFileType = sourcecode.swift; path = PublishedAction.swift; sourceTree = "<group>"; };
		BB3B164C2CECAB690049F5F2 /* Publisher+extension.swift */ = {isa = PBXFileReference; lastKnownFileType = sourcecode.swift; path = "Publisher+extension.swift"; sourceTree = "<group>"; };
		BB3B164F2CECB0B60049F5F2 /* UserDefault.swift */ = {isa = PBXFileReference; lastKnownFileType = sourcecode.swift; path = UserDefault.swift; sourceTree = "<group>"; };
		BB3C2EF72C6A0CBC00149867 /* DependencyFactory.swift */ = {isa = PBXFileReference; lastKnownFileType = sourcecode.swift; path = DependencyFactory.swift; sourceTree = "<group>"; };
		BB3C2EFA2C6A0D5A00149867 /* NetworkResponseProtocol.swift */ = {isa = PBXFileReference; lastKnownFileType = sourcecode.swift; path = NetworkResponseProtocol.swift; sourceTree = "<group>"; };
		BB3C2EFC2C6A0D6C00149867 /* EndPointProtocol.swift */ = {isa = PBXFileReference; lastKnownFileType = sourcecode.swift; path = EndPointProtocol.swift; sourceTree = "<group>"; };
		BB3C2EFE2C6A0D8900149867 /* ParameterEncoder.swift */ = {isa = PBXFileReference; lastKnownFileType = sourcecode.swift; path = ParameterEncoder.swift; sourceTree = "<group>"; };
		BB3C2F002C6A0D9900149867 /* HTTPMethod.swift */ = {isa = PBXFileReference; lastKnownFileType = sourcecode.swift; path = HTTPMethod.swift; sourceTree = "<group>"; };
		BB3C2F022C6A0DA800149867 /* NetworkError.swift */ = {isa = PBXFileReference; lastKnownFileType = sourcecode.swift; path = NetworkError.swift; sourceTree = "<group>"; };
		BB3C2F042C6A0DB600149867 /* ConsoleLogger.swift */ = {isa = PBXFileReference; lastKnownFileType = sourcecode.swift; path = ConsoleLogger.swift; sourceTree = "<group>"; };
		BB3C2F062C6A0DE300149867 /* Bundle+extension.swift */ = {isa = PBXFileReference; lastKnownFileType = sourcecode.swift; path = "Bundle+extension.swift"; sourceTree = "<group>"; };
		BB3C2F082C6A0E2800149867 /* NetworkManager.swift */ = {isa = PBXFileReference; lastKnownFileType = sourcecode.swift; path = NetworkManager.swift; sourceTree = "<group>"; };
		BB3C2F0A2C6A10F800149867 /* ServiceLocator.swift */ = {isa = PBXFileReference; lastKnownFileType = sourcecode.swift; path = ServiceLocator.swift; sourceTree = "<group>"; };
		BB3C76C72CFCDFDF005217AF /* View+extension.swift */ = {isa = PBXFileReference; lastKnownFileType = sourcecode.swift; path = "View+extension.swift"; sourceTree = "<group>"; };
		BB3C76C92CFD502D005217AF /* UIApplication+extension.swift */ = {isa = PBXFileReference; lastKnownFileType = sourcecode.swift; path = "UIApplication+extension.swift"; sourceTree = "<group>"; };
		BB8A14142C36649C00F18CE8 /* UnmanagedWrapper.swift */ = {isa = PBXFileReference; lastKnownFileType = sourcecode.swift; path = UnmanagedWrapper.swift; sourceTree = "<group>"; };
		BBA9A1622DB77423002BC7FB /* FaceAnalysis.swift */ = {isa = PBXFileReference; lastKnownFileType = sourcecode.swift; path = FaceAnalysis.swift; sourceTree = "<group>"; };
		BBAFFBC02C340D12005703B0 /* EasyCode.framework */ = {isa = PBXFileReference; explicitFileType = wrapper.framework; includeInIndex = 0; path = EasyCode.framework; sourceTree = BUILT_PRODUCTS_DIR; };
		BBAFFBC32C340D12005703B0 /* EasyCode.h */ = {isa = PBXFileReference; lastKnownFileType = sourcecode.c.h; path = EasyCode.h; sourceTree = "<group>"; };
		BBAFFBC42C340D12005703B0 /* EasyCode.docc */ = {isa = PBXFileReference; lastKnownFileType = folder.documentationcatalog; path = EasyCode.docc; sourceTree = "<group>"; };
		BBAFFBCA2C340D12005703B0 /* EasyCodeTests.xctest */ = {isa = PBXFileReference; explicitFileType = wrapper.cfbundle; includeInIndex = 0; path = EasyCodeTests.xctest; sourceTree = BUILT_PRODUCTS_DIR; };
		BBAFFBCF2C340D12005703B0 /* EasyCodeTests.swift */ = {isa = PBXFileReference; lastKnownFileType = sourcecode.swift; path = EasyCodeTests.swift; sourceTree = "<group>"; };
		BBAFFBDB2C340DF2005703B0 /* BinaryFloatingPoint+extension.swift */ = {isa = PBXFileReference; lastKnownFileType = sourcecode.swift; path = "BinaryFloatingPoint+extension.swift"; sourceTree = "<group>"; };
		BBAFFBDD2C340E20005703B0 /* PerformManager.swift */ = {isa = PBXFileReference; lastKnownFileType = sourcecode.swift; path = PerformManager.swift; sourceTree = "<group>"; };
		BBAFFBE12C340EB6005703B0 /* ThreadSafe.swift */ = {isa = PBXFileReference; lastKnownFileType = sourcecode.swift; path = ThreadSafe.swift; sourceTree = "<group>"; };
		BBAFFBE32C340EE7005703B0 /* CoreDataManager.swift */ = {isa = PBXFileReference; lastKnownFileType = sourcecode.swift; path = CoreDataManager.swift; sourceTree = "<group>"; };
		BBAFFBE52C341881005703B0 /* NotificationManager.swift */ = {isa = PBXFileReference; lastKnownFileType = sourcecode.swift; path = NotificationManager.swift; sourceTree = "<group>"; };
		BBAFFBE72C3418AA005703B0 /* NotificationAction.swift */ = {isa = PBXFileReference; lastKnownFileType = sourcecode.swift; path = NotificationAction.swift; sourceTree = "<group>"; };
		BBAFFBE92C34194A005703B0 /* UIColor+extension.swift */ = {isa = PBXFileReference; lastKnownFileType = sourcecode.swift; path = "UIColor+extension.swift"; sourceTree = "<group>"; };
		BBAFFBEB2C341987005703B0 /* String+extension.swift */ = {isa = PBXFileReference; lastKnownFileType = sourcecode.swift; path = "String+extension.swift"; sourceTree = "<group>"; };
		BBAFFBED2C341A98005703B0 /* Array+extension.swift */ = {isa = PBXFileReference; lastKnownFileType = sourcecode.swift; path = "Array+extension.swift"; sourceTree = "<group>"; };
		BBAFFBEF2C341B35005703B0 /* Dictionary+extension.swift */ = {isa = PBXFileReference; lastKnownFileType = sourcecode.swift; path = "Dictionary+extension.swift"; sourceTree = "<group>"; };
		BBAFFBF12C341C31005703B0 /* EncryptionCryptoProtocol.swift */ = {isa = PBXFileReference; lastKnownFileType = sourcecode.swift; path = EncryptionCryptoProtocol.swift; sourceTree = "<group>"; };
		BBAFFBF32C341C59005703B0 /* EncryptionError.swift */ = {isa = PBXFileReference; lastKnownFileType = sourcecode.swift; path = EncryptionError.swift; sourceTree = "<group>"; };
		BBAFFBF52C341CC2005703B0 /* UIView+extension.swift */ = {isa = PBXFileReference; lastKnownFileType = sourcecode.swift; path = "UIView+extension.swift"; sourceTree = "<group>"; };
		BBAFFBF72C341D33005703B0 /* UIView+constraints.swift */ = {isa = PBXFileReference; lastKnownFileType = sourcecode.swift; path = "UIView+constraints.swift"; sourceTree = "<group>"; };
		BBAFFBF92C341DA1005703B0 /* NSLayoutConstraint+extension.swift */ = {isa = PBXFileReference; lastKnownFileType = sourcecode.swift; path = "NSLayoutConstraint+extension.swift"; sourceTree = "<group>"; };
		BBAFFBFB2C341DCB005703B0 /* KeychainService.swift */ = {isa = PBXFileReference; lastKnownFileType = sourcecode.swift; path = KeychainService.swift; sourceTree = "<group>"; };
		BBAFFBFD2C341FE4005703B0 /* JailbreakDetection.swift */ = {isa = PBXFileReference; lastKnownFileType = sourcecode.swift; path = JailbreakDetection.swift; sourceTree = "<group>"; };
		BBAFFBFF2C342012005703B0 /* RegularExpression.swift */ = {isa = PBXFileReference; lastKnownFileType = sourcecode.swift; path = RegularExpression.swift; sourceTree = "<group>"; };
		BBAFFC012C342126005703B0 /* Character+extension.swift */ = {isa = PBXFileReference; lastKnownFileType = sourcecode.swift; path = "Character+extension.swift"; sourceTree = "<group>"; };
		BBAFFC032C342152005703B0 /* Date+extension.swift */ = {isa = PBXFileReference; lastKnownFileType = sourcecode.swift; path = "Date+extension.swift"; sourceTree = "<group>"; };
		BBAFFC052C342171005703B0 /* Locale+extension.swift */ = {isa = PBXFileReference; lastKnownFileType = sourcecode.swift; path = "Locale+extension.swift"; sourceTree = "<group>"; };
		BBAFFC072C34218B005703B0 /* URL+extension.swift */ = {isa = PBXFileReference; lastKnownFileType = sourcecode.swift; path = "URL+extension.swift"; sourceTree = "<group>"; };
		BBAFFC092C3421EF005703B0 /* Logger.swift */ = {isa = PBXFileReference; lastKnownFileType = sourcecode.swift; path = Logger.swift; sourceTree = "<group>"; };
		BBAFFC0B2C34220F005703B0 /* MeasureTest.swift */ = {isa = PBXFileReference; lastKnownFileType = sourcecode.swift; path = MeasureTest.swift; sourceTree = "<group>"; };
		BBAFFC0D2C34225C005703B0 /* JSONWorker.swift */ = {isa = PBXFileReference; lastKnownFileType = sourcecode.swift; path = JSONWorker.swift; sourceTree = "<group>"; };
		BBAFFC0F2C342274005703B0 /* DispatchWorker.swift */ = {isa = PBXFileReference; lastKnownFileType = sourcecode.swift; path = DispatchWorker.swift; sourceTree = "<group>"; };
		BBAFFC112C3422DD005703B0 /* NetworkMonitor.swift */ = {isa = PBXFileReference; lastKnownFileType = sourcecode.swift; path = NetworkMonitor.swift; sourceTree = "<group>"; };
		BBAFFC132C342328005703B0 /* DebounceProvider.swift */ = {isa = PBXFileReference; lastKnownFileType = sourcecode.swift; path = DebounceProvider.swift; sourceTree = "<group>"; };
		BBAFFC152C342349005703B0 /* HostingView.swift */ = {isa = PBXFileReference; lastKnownFileType = sourcecode.swift; path = HostingView.swift; sourceTree = "<group>"; };
		BBAFFC172C342430005703B0 /* UIViewController+extension.swift */ = {isa = PBXFileReference; lastKnownFileType = sourcecode.swift; path = "UIViewController+extension.swift"; sourceTree = "<group>"; };
		BBAFFC192C34252F005703B0 /* Observable.swift */ = {isa = PBXFileReference; lastKnownFileType = sourcecode.swift; path = Observable.swift; sourceTree = "<group>"; };
		BBAFFC1B2C342689005703B0 /* KeyboardNotificationProtocol.swift */ = {isa = PBXFileReference; lastKnownFileType = sourcecode.swift; path = KeyboardNotificationProtocol.swift; sourceTree = "<group>"; };
		BBAFFC1F2C34278A005703B0 /* UIImage+extension.swift */ = {isa = PBXFileReference; lastKnownFileType = sourcecode.swift; path = "UIImage+extension.swift"; sourceTree = "<group>"; };
		BBAFFC212C3427C0005703B0 /* Decimal+extension.swift */ = {isa = PBXFileReference; lastKnownFileType = sourcecode.swift; path = "Decimal+extension.swift"; sourceTree = "<group>"; };
		BBAFFC232C342840005703B0 /* DynamicHeightCollectionView.swift */ = {isa = PBXFileReference; lastKnownFileType = sourcecode.swift; path = DynamicHeightCollectionView.swift; sourceTree = "<group>"; };
		BBAFFC252C342850005703B0 /* UITableView+extension.swift */ = {isa = PBXFileReference; lastKnownFileType = sourcecode.swift; path = "UITableView+extension.swift"; sourceTree = "<group>"; };
		BBAFFC272C342862005703B0 /* UICollectionView+extension.swift */ = {isa = PBXFileReference; lastKnownFileType = sourcecode.swift; path = "UICollectionView+extension.swift"; sourceTree = "<group>"; };
		BBAFFC292C342877005703B0 /* Encodable+extension.swift */ = {isa = PBXFileReference; lastKnownFileType = sourcecode.swift; path = "Encodable+extension.swift"; sourceTree = "<group>"; };
		BBAFFC2B2C342887005703B0 /* SelfSizedTableView.swift */ = {isa = PBXFileReference; lastKnownFileType = sourcecode.swift; path = SelfSizedTableView.swift; sourceTree = "<group>"; };
		BBAFFC2D2C342A0D005703B0 /* UserDefaultsStore.swift */ = {isa = PBXFileReference; lastKnownFileType = sourcecode.swift; path = UserDefaultsStore.swift; sourceTree = "<group>"; };
		BBAFFC2F2C345AF9005703B0 /* LocalFileManager.swift */ = {isa = PBXFileReference; lastKnownFileType = sourcecode.swift; path = LocalFileManager.swift; sourceTree = "<group>"; };
		BBB163A12C3701D800182E37 /* PasswordValidator.swift */ = {isa = PBXFileReference; lastKnownFileType = sourcecode.swift; path = PasswordValidator.swift; sourceTree = "<group>"; };
		BBBCE96D2CFCB7A10061DB04 /* LoggerTableViewController.swift */ = {isa = PBXFileReference; lastKnownFileType = sourcecode.swift; path = LoggerTableViewController.swift; sourceTree = "<group>"; };
		BBBCE96F2CFCB7C30061DB04 /* LoggerCell.swift */ = {isa = PBXFileReference; lastKnownFileType = sourcecode.swift; path = LoggerCell.swift; sourceTree = "<group>"; };
		BBBCE9712CFCB7D80061DB04 /* LoggerDetailsViewController.swift */ = {isa = PBXFileReference; lastKnownFileType = sourcecode.swift; path = LoggerDetailsViewController.swift; sourceTree = "<group>"; };
		BBBCE9732CFCB7F80061DB04 /* LoggerDetailCell.swift */ = {isa = PBXFileReference; lastKnownFileType = sourcecode.swift; path = LoggerDetailCell.swift; sourceTree = "<group>"; };
		BBBCE9752CFCB80C0061DB04 /* LoggerRow.swift */ = {isa = PBXFileReference; lastKnownFileType = sourcecode.swift; path = LoggerRow.swift; sourceTree = "<group>"; };
		BBBCE9772CFCB82D0061DB04 /* IdentifiedRequest.swift */ = {isa = PBXFileReference; lastKnownFileType = sourcecode.swift; path = IdentifiedRequest.swift; sourceTree = "<group>"; };
		BBBCE9792CFCB8500061DB04 /* NetworkGlobals.swift */ = {isa = PBXFileReference; lastKnownFileType = sourcecode.swift; path = NetworkGlobals.swift; sourceTree = "<group>"; };
		BBBCE97B2CFCBAE70061DB04 /* Typealiases.swift */ = {isa = PBXFileReference; lastKnownFileType = sourcecode.swift; path = Typealiases.swift; sourceTree = "<group>"; };
		BBBCE97E2CFCBCF10061DB04 /* DrawerLineView.swift */ = {isa = PBXFileReference; lastKnownFileType = sourcecode.swift; path = DrawerLineView.swift; sourceTree = "<group>"; };
		BBBCE9802CFCBD550061DB04 /* BottomSheetPresentationController.swift */ = {isa = PBXFileReference; lastKnownFileType = sourcecode.swift; path = BottomSheetPresentationController.swift; sourceTree = "<group>"; };
		BBBCE9822CFCBD870061DB04 /* BottomSheetTransitioningDelegate.swift */ = {isa = PBXFileReference; lastKnownFileType = sourcecode.swift; path = BottomSheetTransitioningDelegate.swift; sourceTree = "<group>"; };
		BBBD51E92C36803600557CD3 /* ContactsWorker.swift */ = {isa = PBXFileReference; lastKnownFileType = sourcecode.swift; path = ContactsWorker.swift; sourceTree = "<group>"; };
		BBBD51EB2C369B5700557CD3 /* ImageFilter.swift */ = {isa = PBXFileReference; lastKnownFileType = sourcecode.swift; path = ImageFilter.swift; sourceTree = "<group>"; };
		BBBD51EF2C36A1E500557CD3 /* AVCaptureDevice+extension.swift */ = {isa = PBXFileReference; lastKnownFileType = sourcecode.swift; path = "AVCaptureDevice+extension.swift"; sourceTree = "<group>"; };
		BBBD51F12C36A92500557CD3 /* DeviceInformation.swift */ = {isa = PBXFileReference; lastKnownFileType = sourcecode.swift; path = DeviceInformation.swift; sourceTree = "<group>"; };
		BBBD51F32C36AC0000557CD3 /* Data+extension.swift */ = {isa = PBXFileReference; lastKnownFileType = sourcecode.swift; path = "Data+extension.swift"; sourceTree = "<group>"; };
		BBCC22D02C3513CD00CC19C9 /* TemporaryImageCache.swift */ = {isa = PBXFileReference; lastKnownFileType = sourcecode.swift; path = TemporaryImageCache.swift; sourceTree = "<group>"; };
		BBCC22D42C35208F00CC19C9 /* BiometricIDAuth.swift */ = {isa = PBXFileReference; lastKnownFileType = sourcecode.swift; path = BiometricIDAuth.swift; sourceTree = "<group>"; };
		BBCC22D62C35246200CC19C9 /* NLLanguage+extension.swift */ = {isa = PBXFileReference; lastKnownFileType = sourcecode.swift; path = "NLLanguage+extension.swift"; sourceTree = "<group>"; };
		BBCC22D82C352ADF00CC19C9 /* MailConfiguration.swift */ = {isa = PBXFileReference; lastKnownFileType = sourcecode.swift; path = MailConfiguration.swift; sourceTree = "<group>"; };
		BBE498C92D2D06930085233A /* BackgroundTaskManager.swift */ = {isa = PBXFileReference; lastKnownFileType = sourcecode.swift; path = BackgroundTaskManager.swift; sourceTree = "<group>"; };
		BBEB8E392D2CFB6B00988E03 /* UnownedInject.swift */ = {isa = PBXFileReference; lastKnownFileType = sourcecode.swift; path = UnownedInject.swift; sourceTree = "<group>"; };
		BBEBFB5D2D3E03D600E566A6 /* WebSocketManagerDelegate.swift */ = {isa = PBXFileReference; lastKnownFileType = sourcecode.swift; path = WebSocketManagerDelegate.swift; sourceTree = "<group>"; };
		BBEBFB5F2D3E03E800E566A6 /* WebSocketEndPointProtocol.swift */ = {isa = PBXFileReference; lastKnownFileType = sourcecode.swift; path = WebSocketEndPointProtocol.swift; sourceTree = "<group>"; };
		BBEBFB612D3E03F500E566A6 /* WebSocketManager.swift */ = {isa = PBXFileReference; lastKnownFileType = sourcecode.swift; path = WebSocketManager.swift; sourceTree = "<group>"; };
		BBEE8D742C6B679C00133020 /* PaddedLabel.swift */ = {isa = PBXFileReference; lastKnownFileType = sourcecode.swift; path = PaddedLabel.swift; sourceTree = "<group>"; };
		BBEE8D762C6B6BB500133020 /* TipViewController.swift */ = {isa = PBXFileReference; lastKnownFileType = sourcecode.swift; path = TipViewController.swift; sourceTree = "<group>"; };
/* End PBXFileReference section */

/* Begin PBXFrameworksBuildPhase section */
		BBAFFBBD2C340D12005703B0 /* Frameworks */ = {
			isa = PBXFrameworksBuildPhase;
			buildActionMask = 2147483647;
			files = (
			);
			runOnlyForDeploymentPostprocessing = 0;
		};
		BBAFFBC72C340D12005703B0 /* Frameworks */ = {
			isa = PBXFrameworksBuildPhase;
			buildActionMask = 2147483647;
			files = (
				BBAFFBCB2C340D12005703B0 /* EasyCode.framework in Frameworks */,
			);
			runOnlyForDeploymentPostprocessing = 0;
		};
/* End PBXFrameworksBuildPhase section */

/* Begin PBXGroup section */
		BB3B162F2CEC96910049F5F2 /* DI */ = {
			isa = PBXGroup;
			children = (
				BB3B16382CEC96FA0049F5F2 /* Inject.swift */,
				BB3B163A2CEC97290049F5F2 /* WeakInject.swift */,
				BBEB8E392D2CFB6B00988E03 /* UnownedInject.swift */,
				BB3B163C2CEC97470049F5F2 /* Provider.swift */,
				BB3B16302CEC96980049F5F2 /* DependencyInjector.swift */,
				BB3B16342CEC96C30049F5F2 /* DependencyError.swift */,
			);
			path = DI;
			sourceTree = "<group>";
		};
		BB3B16422CEC979D0049F5F2 /* Keychain */ = {
			isa = PBXGroup;
			children = (
				BBAFFBFB2C341DCB005703B0 /* KeychainService.swift */,
				BB3B16432CEC97A20049F5F2 /* KeychainWrapper.swift */,
			);
			path = Keychain;
			sourceTree = "<group>";
		};
		BB3B16472CECAB050049F5F2 /* Combine */ = {
			isa = PBXGroup;
			children = (
				BB3B16482CECAB160049F5F2 /* PublishedProperty.swift */,
				BB3B164A2CECAB2C0049F5F2 /* PublishedAction.swift */,
				BB3B164C2CECAB690049F5F2 /* Publisher+extension.swift */,
			);
			path = Combine;
			sourceTree = "<group>";
		};
		BB3C2EF92C6A0D3B00149867 /* Network Layer */ = {
			isa = PBXGroup;
			children = (
				BBEBFB5C2D3E03C600E566A6 /* WebSocket */,
				BBBCE96C2CFCB67E0061DB04 /* WindowLogger */,
				BB3C2EFA2C6A0D5A00149867 /* NetworkResponseProtocol.swift */,
				BB3C2EFC2C6A0D6C00149867 /* EndPointProtocol.swift */,
				BB3C2EFE2C6A0D8900149867 /* ParameterEncoder.swift */,
				BB3C2F022C6A0DA800149867 /* NetworkError.swift */,
				BB3C2F042C6A0DB600149867 /* ConsoleLogger.swift */,
				BB3C2F002C6A0D9900149867 /* HTTPMethod.swift */,
				BB3C2F062C6A0DE300149867 /* Bundle+extension.swift */,
				BB3C2F082C6A0E2800149867 /* NetworkManager.swift */,
				BBBCE97B2CFCBAE70061DB04 /* Typealiases.swift */,
			);
			path = "Network Layer";
			sourceTree = "<group>";
		};
		BBAFFBB62C340D12005703B0 = {
			isa = PBXGroup;
			children = (
				BBAFFBC22C340D12005703B0 /* EasyCode */,
				BBAFFBCE2C340D12005703B0 /* EasyCodeTests */,
				BBAFFBC12C340D12005703B0 /* Products */,
			);
			sourceTree = "<group>";
		};
		BBAFFBC12C340D12005703B0 /* Products */ = {
			isa = PBXGroup;
			children = (
				BBAFFBC02C340D12005703B0 /* EasyCode.framework */,
				BBAFFBCA2C340D12005703B0 /* EasyCodeTests.xctest */,
			);
			name = Products;
			sourceTree = "<group>";
		};
		BBAFFBC22C340D12005703B0 /* EasyCode */ = {
			isa = PBXGroup;
			children = (
				BBAFFBC32C340D12005703B0 /* EasyCode.h */,
				BBAFFBC42C340D12005703B0 /* EasyCode.docc */,
				BBAFFBDA2C340DC9005703B0 /* Source */,
			);
			path = EasyCode;
			sourceTree = "<group>";
		};
		BBAFFBCE2C340D12005703B0 /* EasyCodeTests */ = {
			isa = PBXGroup;
			children = (
				BBAFFBCF2C340D12005703B0 /* EasyCodeTests.swift */,
			);
			path = EasyCodeTests;
			sourceTree = "<group>";
		};
		BBAFFBDA2C340DC9005703B0 /* Source */ = {
			isa = PBXGroup;
			children = (
				BBAFFBED2C341A98005703B0 /* Array+extension.swift */,
				BBBD51EF2C36A1E500557CD3 /* AVCaptureDevice+extension.swift */,
				BBE498C92D2D06930085233A /* BackgroundTaskManager.swift */,
				BBAFFBDB2C340DF2005703B0 /* BinaryFloatingPoint+extension.swift */,
				BBCC22D42C35208F00CC19C9 /* BiometricIDAuth.swift */,
				BBAFFC012C342126005703B0 /* Character+extension.swift */,
				BBBD51E92C36803600557CD3 /* ContactsWorker.swift */,
				BBAFFBE32C340EE7005703B0 /* CoreDataManager.swift */,
				BBBD51F32C36AC0000557CD3 /* Data+extension.swift */,
				BBAFFC032C342152005703B0 /* Date+extension.swift */,
				BBAFFC132C342328005703B0 /* DebounceProvider.swift */,
				BBAFFC212C3427C0005703B0 /* Decimal+extension.swift */,
				BB3C2EF72C6A0CBC00149867 /* DependencyFactory.swift */,
				BBBD51F12C36A92500557CD3 /* DeviceInformation.swift */,
				BBAFFBEF2C341B35005703B0 /* Dictionary+extension.swift */,
				BBAFFC0F2C342274005703B0 /* DispatchWorker.swift */,
				BBAFFC232C342840005703B0 /* DynamicHeightCollectionView.swift */,
				BBAFFC292C342877005703B0 /* Encodable+extension.swift */,
				BBAFFBF12C341C31005703B0 /* EncryptionCryptoProtocol.swift */,
				BBAFFBF32C341C59005703B0 /* EncryptionError.swift */,
				BBA9A1622DB77423002BC7FB /* FaceAnalysis.swift */,
				BBAFFC152C342349005703B0 /* HostingView.swift */,
				BBBD51EB2C369B5700557CD3 /* ImageFilter.swift */,
				BBAFFBFD2C341FE4005703B0 /* JailbreakDetection.swift */,
				BBAFFC0D2C34225C005703B0 /* JSONWorker.swift */,
				BBAFFC1B2C342689005703B0 /* KeyboardNotificationProtocol.swift */,
				BBAFFC052C342171005703B0 /* Locale+extension.swift */,
				BBAFFC2F2C345AF9005703B0 /* LocalFileManager.swift */,
				BBAFFC092C3421EF005703B0 /* Logger.swift */,
				BBCC22D82C352ADF00CC19C9 /* MailConfiguration.swift */,
				BBAFFC0B2C34220F005703B0 /* MeasureTest.swift */,
				BBAFFC112C3422DD005703B0 /* NetworkMonitor.swift */,
				BBCC22D62C35246200CC19C9 /* NLLanguage+extension.swift */,
				BBAFFBE72C3418AA005703B0 /* NotificationAction.swift */,
				BBAFFBE52C341881005703B0 /* NotificationManager.swift */,
				BBAFFBF92C341DA1005703B0 /* NSLayoutConstraint+extension.swift */,
				BBAFFC192C34252F005703B0 /* Observable.swift */,
				BBEE8D742C6B679C00133020 /* PaddedLabel.swift */,
				BBB163A12C3701D800182E37 /* PasswordValidator.swift */,
				BBAFFBDD2C340E20005703B0 /* PerformManager.swift */,
				BBAFFBFF2C342012005703B0 /* RegularExpression.swift */,
				BB0A70622CBF822500084289 /* RSAWorker.swift */,
				BB3B16452CEC97EF0049F5F2 /* SecureField.swift */,
				BBAFFC2B2C342887005703B0 /* SelfSizedTableView.swift */,
				BB3C2F0A2C6A10F800149867 /* ServiceLocator.swift */,
				BBAFFBEB2C341987005703B0 /* String+extension.swift */,
				BBCC22D02C3513CD00CC19C9 /* TemporaryImageCache.swift */,
				BBAFFBE12C340EB6005703B0 /* ThreadSafe.swift */,
				BBEE8D762C6B6BB500133020 /* TipViewController.swift */,
				BB3C76C92CFD502D005217AF /* UIApplication+extension.swift */,
				BBAFFC272C342862005703B0 /* UICollectionView+extension.swift */,
				BBAFFBE92C34194A005703B0 /* UIColor+extension.swift */,
				BBAFFC1F2C34278A005703B0 /* UIImage+extension.swift */,
				BBAFFC252C342850005703B0 /* UITableView+extension.swift */,
				BBAFFBF72C341D33005703B0 /* UIView+constraints.swift */,
				BBAFFBF52C341CC2005703B0 /* UIView+extension.swift */,
				BBAFFC172C342430005703B0 /* UIViewController+extension.swift */,
				BB8A14142C36649C00F18CE8 /* UnmanagedWrapper.swift */,
				BBAFFC072C34218B005703B0 /* URL+extension.swift */,
				BB3B164F2CECB0B60049F5F2 /* UserDefault.swift */,
				BBAFFC2D2C342A0D005703B0 /* UserDefaultsStore.swift */,
				BB3C76C72CFCDFDF005217AF /* View+extension.swift */,
				BB3B162D2CEC95AA0049F5F2 /* ZipManager.swift */,
				BBBCE97D2CFCBCE10061DB04 /* BottomSheet */,
				BB3B16472CECAB050049F5F2 /* Combine */,
				BB3B162F2CEC96910049F5F2 /* DI */,
				BB3B16422CEC979D0049F5F2 /* Keychain */,
				BB3C2EF92C6A0D3B00149867 /* Network Layer */,
			);
			path = Source;
			sourceTree = "<group>";
		};
		BBBCE96C2CFCB67E0061DB04 /* WindowLogger */ = {
			isa = PBXGroup;
			children = (
				BBBCE96D2CFCB7A10061DB04 /* LoggerTableViewController.swift */,
				BBBCE96F2CFCB7C30061DB04 /* LoggerCell.swift */,
				BBBCE9712CFCB7D80061DB04 /* LoggerDetailsViewController.swift */,
				BBBCE9752CFCB80C0061DB04 /* LoggerRow.swift */,
				BBBCE9772CFCB82D0061DB04 /* IdentifiedRequest.swift */,
				BBBCE9732CFCB7F80061DB04 /* LoggerDetailCell.swift */,
				BBBCE9792CFCB8500061DB04 /* NetworkGlobals.swift */,
			);
			path = WindowLogger;
			sourceTree = "<group>";
		};
		BBBCE97D2CFCBCE10061DB04 /* BottomSheet */ = {
			isa = PBXGroup;
			children = (
				BBBCE97E2CFCBCF10061DB04 /* DrawerLineView.swift */,
				BBBCE9802CFCBD550061DB04 /* BottomSheetPresentationController.swift */,
				BBBCE9822CFCBD870061DB04 /* BottomSheetTransitioningDelegate.swift */,
			);
			path = BottomSheet;
			sourceTree = "<group>";
		};
		BBEBFB5C2D3E03C600E566A6 /* WebSocket */ = {
			isa = PBXGroup;
			children = (
				BBEBFB5D2D3E03D600E566A6 /* WebSocketManagerDelegate.swift */,
				BBEBFB5F2D3E03E800E566A6 /* WebSocketEndPointProtocol.swift */,
				BBEBFB612D3E03F500E566A6 /* WebSocketManager.swift */,
			);
			path = WebSocket;
			sourceTree = "<group>";
		};
/* End PBXGroup section */

/* Begin PBXHeadersBuildPhase section */
		BBAFFBBB2C340D12005703B0 /* Headers */ = {
			isa = PBXHeadersBuildPhase;
			buildActionMask = 2147483647;
			files = (
				BBAFFBD12C340D12005703B0 /* EasyCode.h in Headers */,
			);
			runOnlyForDeploymentPostprocessing = 0;
		};
/* End PBXHeadersBuildPhase section */

/* Begin PBXNativeTarget section */
		BBAFFBBF2C340D12005703B0 /* EasyCode */ = {
			isa = PBXNativeTarget;
			buildConfigurationList = BBAFFBD42C340D12005703B0 /* Build configuration list for PBXNativeTarget "EasyCode" */;
			buildPhases = (
				BBAFFBBB2C340D12005703B0 /* Headers */,
				BB226EAA2C65EF920069D6E5 /* SwiftLint */,
				BBAFFBBC2C340D12005703B0 /* Sources */,
				BBAFFBBD2C340D12005703B0 /* Frameworks */,
				BBAFFBBE2C340D12005703B0 /* Resources */,
			);
			buildRules = (
			);
			dependencies = (
			);
			name = EasyCode;
			productName = EasyCode;
			productReference = BBAFFBC02C340D12005703B0 /* EasyCode.framework */;
			productType = "com.apple.product-type.framework";
		};
		BBAFFBC92C340D12005703B0 /* EasyCodeTests */ = {
			isa = PBXNativeTarget;
			buildConfigurationList = BBAFFBD72C340D12005703B0 /* Build configuration list for PBXNativeTarget "EasyCodeTests" */;
			buildPhases = (
				BBAFFBC62C340D12005703B0 /* Sources */,
				BBAFFBC72C340D12005703B0 /* Frameworks */,
				BBAFFBC82C340D12005703B0 /* Resources */,
			);
			buildRules = (
			);
			dependencies = (
				BBAFFBCD2C340D12005703B0 /* PBXTargetDependency */,
			);
			name = EasyCodeTests;
			productName = EasyCodeTests;
			productReference = BBAFFBCA2C340D12005703B0 /* EasyCodeTests.xctest */;
			productType = "com.apple.product-type.bundle.unit-test";
		};
/* End PBXNativeTarget section */

/* Begin PBXProject section */
		BBAFFBB72C340D12005703B0 /* Project object */ = {
			isa = PBXProject;
			attributes = {
				BuildIndependentTargetsInParallel = 1;
				LastSwiftUpdateCheck = 1530;
				LastUpgradeCheck = 1610;
				TargetAttributes = {
					BBAFFBBF2C340D12005703B0 = {
						CreatedOnToolsVersion = 15.3;
					};
					BBAFFBC92C340D12005703B0 = {
						CreatedOnToolsVersion = 15.3;
					};
				};
			};
			buildConfigurationList = BBAFFBBA2C340D12005703B0 /* Build configuration list for PBXProject "EasyCode" */;
			compatibilityVersion = "Xcode 14.0";
			developmentRegion = en;
			hasScannedForEncodings = 0;
			knownRegions = (
				en,
				Base,
			);
			mainGroup = BBAFFBB62C340D12005703B0;
			productRefGroup = BBAFFBC12C340D12005703B0 /* Products */;
			projectDirPath = "";
			projectRoot = "";
			targets = (
				BBAFFBBF2C340D12005703B0 /* EasyCode */,
				BBAFFBC92C340D12005703B0 /* EasyCodeTests */,
			);
		};
/* End PBXProject section */

/* Begin PBXResourcesBuildPhase section */
		BBAFFBBE2C340D12005703B0 /* Resources */ = {
			isa = PBXResourcesBuildPhase;
			buildActionMask = 2147483647;
			files = (
			);
			runOnlyForDeploymentPostprocessing = 0;
		};
		BBAFFBC82C340D12005703B0 /* Resources */ = {
			isa = PBXResourcesBuildPhase;
			buildActionMask = 2147483647;
			files = (
			);
			runOnlyForDeploymentPostprocessing = 0;
		};
/* End PBXResourcesBuildPhase section */

/* Begin PBXShellScriptBuildPhase section */
		BB226EAA2C65EF920069D6E5 /* SwiftLint */ = {
			isa = PBXShellScriptBuildPhase;
			alwaysOutOfDate = 1;
			buildActionMask = 2147483647;
			files = (
			);
			inputFileListPaths = (
			);
			inputPaths = (
			);
			name = SwiftLint;
			outputFileListPaths = (
			);
			outputPaths = (
			);
			runOnlyForDeploymentPostprocessing = 0;
			shellPath = /bin/sh;
			shellScript = "if [[ \"$(uname -m)\" == arm64 ]]\nthen\n  export PATH=\"/opt/homebrew/bin:$PATH\"\nfi\n\nif command -v swiftlint >/dev/null 2>&1\nthen\n  swiftlint --quiet\nelse\n  echo \"warning: `swiftlint` command not found - See https://github.com/realm/SwiftLint#installation for installation instructions.\"\nfi\n";
		};
/* End PBXShellScriptBuildPhase section */

/* Begin PBXSourcesBuildPhase section */
		BBAFFBBC2C340D12005703B0 /* Sources */ = {
			isa = PBXSourcesBuildPhase;
			buildActionMask = 2147483647;
			files = (
				BBAFFC142C342328005703B0 /* DebounceProvider.swift in Sources */,
				BB3C2EFB2C6A0D5A00149867 /* NetworkResponseProtocol.swift in Sources */,
				BB3C2EF82C6A0CBC00149867 /* DependencyFactory.swift in Sources */,
				BB3B16462CEC97EF0049F5F2 /* SecureField.swift in Sources */,
				BBAFFBF02C341B35005703B0 /* Dictionary+extension.swift in Sources */,
				BB3C2EFD2C6A0D6C00149867 /* EndPointProtocol.swift in Sources */,
				BBAFFBF82C341D33005703B0 /* UIView+constraints.swift in Sources */,
				BBEB8E3A2D2CFB6B00988E03 /* UnownedInject.swift in Sources */,
				BBAFFBFC2C341DCB005703B0 /* KeychainService.swift in Sources */,
				BBAFFBE62C341881005703B0 /* NotificationManager.swift in Sources */,
				BBAFFC0E2C34225C005703B0 /* JSONWorker.swift in Sources */,
				BBAFFBC52C340D12005703B0 /* EasyCode.docc in Sources */,
				BB3C2F032C6A0DA800149867 /* NetworkError.swift in Sources */,
				BBBCE97F2CFCBCF10061DB04 /* DrawerLineView.swift in Sources */,
				BBAFFBE42C340EE7005703B0 /* CoreDataManager.swift in Sources */,
				BB3B162E2CEC95AA0049F5F2 /* ZipManager.swift in Sources */,
				BBAFFC0C2C34220F005703B0 /* MeasureTest.swift in Sources */,
				BBAFFC102C342274005703B0 /* DispatchWorker.swift in Sources */,
				BBEE8D752C6B679C00133020 /* PaddedLabel.swift in Sources */,
				BBAFFBDE2C340E20005703B0 /* PerformManager.swift in Sources */,
				BBBD51F02C36A1E500557CD3 /* AVCaptureDevice+extension.swift in Sources */,
				BBAFFC242C342840005703B0 /* DynamicHeightCollectionView.swift in Sources */,
				BB3C76C82CFCDFDF005217AF /* View+extension.swift in Sources */,
				BBAFFC1C2C342689005703B0 /* KeyboardNotificationProtocol.swift in Sources */,
				BB3C2F092C6A0E2800149867 /* NetworkManager.swift in Sources */,
				BBAFFC0A2C3421EF005703B0 /* Logger.swift in Sources */,
				BBAFFBE22C340EB6005703B0 /* ThreadSafe.swift in Sources */,
				BBAFFC162C342349005703B0 /* HostingView.swift in Sources */,
				BBE498CA2D2D06930085233A /* BackgroundTaskManager.swift in Sources */,
				BBEE8D772C6B6BB500133020 /* TipViewController.swift in Sources */,
				BBBCE96E2CFCB7A10061DB04 /* LoggerTableViewController.swift in Sources */,
				BBAFFBDC2C340DF2005703B0 /* BinaryFloatingPoint+extension.swift in Sources */,
				BBAFFC122C3422DD005703B0 /* NetworkMonitor.swift in Sources */,
				BBAFFC1A2C34252F005703B0 /* Observable.swift in Sources */,
				BBAFFBF22C341C31005703B0 /* EncryptionCryptoProtocol.swift in Sources */,
				BBBCE9702CFCB7C30061DB04 /* LoggerCell.swift in Sources */,
				BB3B16502CECB0B60049F5F2 /* UserDefault.swift in Sources */,
				BBAFFBE82C3418AA005703B0 /* NotificationAction.swift in Sources */,
				BB3C2F0B2C6A10F800149867 /* ServiceLocator.swift in Sources */,
				BBAFFBEE2C341A98005703B0 /* Array+extension.swift in Sources */,
				BB3B16312CEC96980049F5F2 /* DependencyInjector.swift in Sources */,
				BBA9A1632DB77423002BC7FB /* FaceAnalysis.swift in Sources */,
				BBAFFC182C342430005703B0 /* UIViewController+extension.swift in Sources */,
				BB3C76CA2CFD502D005217AF /* UIApplication+extension.swift in Sources */,
				BBBCE97C2CFCBAE70061DB04 /* Typealiases.swift in Sources */,
				BBBD51EA2C36803600557CD3 /* ContactsWorker.swift in Sources */,
				BBCC22D92C352ADF00CC19C9 /* MailConfiguration.swift in Sources */,
				BBBCE9812CFCBD550061DB04 /* BottomSheetPresentationController.swift in Sources */,
				BBEBFB602D3E03E800E566A6 /* WebSocketEndPointProtocol.swift in Sources */,
				BBB163A22C3701D800182E37 /* PasswordValidator.swift in Sources */,
				BBBCE9722CFCB7D80061DB04 /* LoggerDetailsViewController.swift in Sources */,
				BBAFFC2E2C342A0D005703B0 /* UserDefaultsStore.swift in Sources */,
				BB3C2F072C6A0DE300149867 /* Bundle+extension.swift in Sources */,
				BBAFFC2C2C342887005703B0 /* SelfSizedTableView.swift in Sources */,
				BB3C2F052C6A0DB600149867 /* ConsoleLogger.swift in Sources */,
				BB3B16492CECAB160049F5F2 /* PublishedProperty.swift in Sources */,
				BBCC22D52C35208F00CC19C9 /* BiometricIDAuth.swift in Sources */,
				BB0A70632CBF822500084289 /* RSAWorker.swift in Sources */,
				BBAFFBF62C341CC2005703B0 /* UIView+extension.swift in Sources */,
				BBAFFC042C342152005703B0 /* Date+extension.swift in Sources */,
				BBEBFB5E2D3E03D600E566A6 /* WebSocketManagerDelegate.swift in Sources */,
				BBBD51EC2C369B5700557CD3 /* ImageFilter.swift in Sources */,
				BB3C2EFF2C6A0D8900149867 /* ParameterEncoder.swift in Sources */,
				BBBCE97A2CFCB8500061DB04 /* NetworkGlobals.swift in Sources */,
				BB3B16392CEC96FA0049F5F2 /* Inject.swift in Sources */,
				BBBCE9742CFCB7F80061DB04 /* LoggerDetailCell.swift in Sources */,
				BBAFFC082C34218B005703B0 /* URL+extension.swift in Sources */,
				BBAFFC2A2C342877005703B0 /* Encodable+extension.swift in Sources */,
				BBAFFBF42C341C59005703B0 /* EncryptionError.swift in Sources */,
				BBAFFBFA2C341DA1005703B0 /* NSLayoutConstraint+extension.swift in Sources */,
				BBBCE9762CFCB80C0061DB04 /* LoggerRow.swift in Sources */,
				BB3B16442CEC97A20049F5F2 /* KeychainWrapper.swift in Sources */,
				BB3B164D2CECAB690049F5F2 /* Publisher+extension.swift in Sources */,
				BBBCE9782CFCB82D0061DB04 /* IdentifiedRequest.swift in Sources */,
				BB8A14152C36649C00F18CE8 /* UnmanagedWrapper.swift in Sources */,
				BBAFFBFE2C341FE4005703B0 /* JailbreakDetection.swift in Sources */,
				BBCC22D12C3513CD00CC19C9 /* TemporaryImageCache.swift in Sources */,
				BBAFFC062C342171005703B0 /* Locale+extension.swift in Sources */,
				BBAFFBEA2C34194A005703B0 /* UIColor+extension.swift in Sources */,
				BB3C2F012C6A0D9900149867 /* HTTPMethod.swift in Sources */,
				BBCC22D72C35246200CC19C9 /* NLLanguage+extension.swift in Sources */,
				BBAFFC022C342126005703B0 /* Character+extension.swift in Sources */,
				BBAFFC202C34278A005703B0 /* UIImage+extension.swift in Sources */,
				BB3B164B2CECAB2C0049F5F2 /* PublishedAction.swift in Sources */,
				BBEBFB622D3E03F500E566A6 /* WebSocketManager.swift in Sources */,
				BB3B163D2CEC97470049F5F2 /* Provider.swift in Sources */,
				BBAFFC002C342012005703B0 /* RegularExpression.swift in Sources */,
				BBAFFC282C342862005703B0 /* UICollectionView+extension.swift in Sources */,
				BB3B163B2CEC97290049F5F2 /* WeakInject.swift in Sources */,
				BBAFFC222C3427C0005703B0 /* Decimal+extension.swift in Sources */,
				BBBD51F22C36A92500557CD3 /* DeviceInformation.swift in Sources */,
				BBAFFC262C342850005703B0 /* UITableView+extension.swift in Sources */,
				BBBCE9832CFCBD870061DB04 /* BottomSheetTransitioningDelegate.swift in Sources */,
				BBAFFBEC2C341987005703B0 /* String+extension.swift in Sources */,
				BB3B16352CEC96C30049F5F2 /* DependencyError.swift in Sources */,
				BBAFFC302C345AF9005703B0 /* LocalFileManager.swift in Sources */,
				BBBD51F42C36AC0000557CD3 /* Data+extension.swift in Sources */,
			);
			runOnlyForDeploymentPostprocessing = 0;
		};
		BBAFFBC62C340D12005703B0 /* Sources */ = {
			isa = PBXSourcesBuildPhase;
			buildActionMask = 2147483647;
			files = (
				BBAFFBD02C340D12005703B0 /* EasyCodeTests.swift in Sources */,
			);
			runOnlyForDeploymentPostprocessing = 0;
		};
/* End PBXSourcesBuildPhase section */

/* Begin PBXTargetDependency section */
		BBAFFBCD2C340D12005703B0 /* PBXTargetDependency */ = {
			isa = PBXTargetDependency;
			target = BBAFFBBF2C340D12005703B0 /* EasyCode */;
			targetProxy = BBAFFBCC2C340D12005703B0 /* PBXContainerItemProxy */;
		};
/* End PBXTargetDependency section */

/* Begin XCBuildConfiguration section */
		BBAFFBD22C340D12005703B0 /* Debug */ = {
			isa = XCBuildConfiguration;
			buildSettings = {
				ALWAYS_SEARCH_USER_PATHS = NO;
				ASSETCATALOG_COMPILER_GENERATE_SWIFT_ASSET_SYMBOL_EXTENSIONS = YES;
				CLANG_ANALYZER_NONNULL = YES;
				CLANG_ANALYZER_NUMBER_OBJECT_CONVERSION = YES_AGGRESSIVE;
				CLANG_CXX_LANGUAGE_STANDARD = "gnu++20";
				CLANG_ENABLE_MODULES = YES;
				CLANG_ENABLE_OBJC_ARC = YES;
				CLANG_ENABLE_OBJC_WEAK = YES;
				CLANG_WARN_BLOCK_CAPTURE_AUTORELEASING = YES;
				CLANG_WARN_BOOL_CONVERSION = YES;
				CLANG_WARN_COMMA = YES;
				CLANG_WARN_CONSTANT_CONVERSION = YES;
				CLANG_WARN_DEPRECATED_OBJC_IMPLEMENTATIONS = YES;
				CLANG_WARN_DIRECT_OBJC_ISA_USAGE = YES_ERROR;
				CLANG_WARN_DOCUMENTATION_COMMENTS = YES;
				CLANG_WARN_EMPTY_BODY = YES;
				CLANG_WARN_ENUM_CONVERSION = YES;
				CLANG_WARN_INFINITE_RECURSION = YES;
				CLANG_WARN_INT_CONVERSION = YES;
				CLANG_WARN_NON_LITERAL_NULL_CONVERSION = YES;
				CLANG_WARN_OBJC_IMPLICIT_RETAIN_SELF = YES;
				CLANG_WARN_OBJC_LITERAL_CONVERSION = YES;
				CLANG_WARN_OBJC_ROOT_CLASS = YES_ERROR;
				CLANG_WARN_QUOTED_INCLUDE_IN_FRAMEWORK_HEADER = YES;
				CLANG_WARN_RANGE_LOOP_ANALYSIS = YES;
				CLANG_WARN_STRICT_PROTOTYPES = YES;
				CLANG_WARN_SUSPICIOUS_MOVE = YES;
				CLANG_WARN_UNGUARDED_AVAILABILITY = YES_AGGRESSIVE;
				CLANG_WARN_UNREACHABLE_CODE = YES;
				CLANG_WARN__DUPLICATE_METHOD_MATCH = YES;
				COPY_PHASE_STRIP = NO;
				CURRENT_PROJECT_VERSION = 1;
				DEBUG_INFORMATION_FORMAT = dwarf;
				ENABLE_STRICT_OBJC_MSGSEND = YES;
				ENABLE_TESTABILITY = YES;
				ENABLE_USER_SCRIPT_SANDBOXING = YES;
				GCC_C_LANGUAGE_STANDARD = gnu17;
				GCC_DYNAMIC_NO_PIC = NO;
				GCC_NO_COMMON_BLOCKS = YES;
				GCC_OPTIMIZATION_LEVEL = 0;
				GCC_PREPROCESSOR_DEFINITIONS = (
					"DEBUG=1",
					"$(inherited)",
				);
				GCC_WARN_64_TO_32_BIT_CONVERSION = YES;
				GCC_WARN_ABOUT_RETURN_TYPE = YES_ERROR;
				GCC_WARN_UNDECLARED_SELECTOR = YES;
				GCC_WARN_UNINITIALIZED_AUTOS = YES_AGGRESSIVE;
				GCC_WARN_UNUSED_FUNCTION = YES;
				GCC_WARN_UNUSED_VARIABLE = YES;
				IPHONEOS_DEPLOYMENT_TARGET = 14.0;
				LOCALIZATION_PREFERS_STRING_CATALOGS = YES;
				MTL_ENABLE_DEBUG_INFO = INCLUDE_SOURCE;
				MTL_FAST_MATH = YES;
				ONLY_ACTIVE_ARCH = YES;
				SDKROOT = iphoneos;
				SWIFT_ACTIVE_COMPILATION_CONDITIONS = "DEBUG $(inherited)";
				SWIFT_OPTIMIZATION_LEVEL = "-Onone";
				VERSIONING_SYSTEM = "apple-generic";
				VERSION_INFO_PREFIX = "";
			};
			name = Debug;
		};
		BBAFFBD32C340D12005703B0 /* Release */ = {
			isa = XCBuildConfiguration;
			buildSettings = {
				ALWAYS_SEARCH_USER_PATHS = NO;
				ASSETCATALOG_COMPILER_GENERATE_SWIFT_ASSET_SYMBOL_EXTENSIONS = YES;
				CLANG_ANALYZER_NONNULL = YES;
				CLANG_ANALYZER_NUMBER_OBJECT_CONVERSION = YES_AGGRESSIVE;
				CLANG_CXX_LANGUAGE_STANDARD = "gnu++20";
				CLANG_ENABLE_MODULES = YES;
				CLANG_ENABLE_OBJC_ARC = YES;
				CLANG_ENABLE_OBJC_WEAK = YES;
				CLANG_WARN_BLOCK_CAPTURE_AUTORELEASING = YES;
				CLANG_WARN_BOOL_CONVERSION = YES;
				CLANG_WARN_COMMA = YES;
				CLANG_WARN_CONSTANT_CONVERSION = YES;
				CLANG_WARN_DEPRECATED_OBJC_IMPLEMENTATIONS = YES;
				CLANG_WARN_DIRECT_OBJC_ISA_USAGE = YES_ERROR;
				CLANG_WARN_DOCUMENTATION_COMMENTS = YES;
				CLANG_WARN_EMPTY_BODY = YES;
				CLANG_WARN_ENUM_CONVERSION = YES;
				CLANG_WARN_INFINITE_RECURSION = YES;
				CLANG_WARN_INT_CONVERSION = YES;
				CLANG_WARN_NON_LITERAL_NULL_CONVERSION = YES;
				CLANG_WARN_OBJC_IMPLICIT_RETAIN_SELF = YES;
				CLANG_WARN_OBJC_LITERAL_CONVERSION = YES;
				CLANG_WARN_OBJC_ROOT_CLASS = YES_ERROR;
				CLANG_WARN_QUOTED_INCLUDE_IN_FRAMEWORK_HEADER = YES;
				CLANG_WARN_RANGE_LOOP_ANALYSIS = YES;
				CLANG_WARN_STRICT_PROTOTYPES = YES;
				CLANG_WARN_SUSPICIOUS_MOVE = YES;
				CLANG_WARN_UNGUARDED_AVAILABILITY = YES_AGGRESSIVE;
				CLANG_WARN_UNREACHABLE_CODE = YES;
				CLANG_WARN__DUPLICATE_METHOD_MATCH = YES;
				COPY_PHASE_STRIP = NO;
				CURRENT_PROJECT_VERSION = 1;
				DEBUG_INFORMATION_FORMAT = "dwarf-with-dsym";
				ENABLE_NS_ASSERTIONS = NO;
				ENABLE_STRICT_OBJC_MSGSEND = YES;
				ENABLE_USER_SCRIPT_SANDBOXING = YES;
				GCC_C_LANGUAGE_STANDARD = gnu17;
				GCC_NO_COMMON_BLOCKS = YES;
				GCC_WARN_64_TO_32_BIT_CONVERSION = YES;
				GCC_WARN_ABOUT_RETURN_TYPE = YES_ERROR;
				GCC_WARN_UNDECLARED_SELECTOR = YES;
				GCC_WARN_UNINITIALIZED_AUTOS = YES_AGGRESSIVE;
				GCC_WARN_UNUSED_FUNCTION = YES;
				GCC_WARN_UNUSED_VARIABLE = YES;
				IPHONEOS_DEPLOYMENT_TARGET = 14.0;
				LOCALIZATION_PREFERS_STRING_CATALOGS = YES;
				MTL_ENABLE_DEBUG_INFO = NO;
				MTL_FAST_MATH = YES;
				SDKROOT = iphoneos;
				SWIFT_COMPILATION_MODE = wholemodule;
				VALIDATE_PRODUCT = YES;
				VERSIONING_SYSTEM = "apple-generic";
				VERSION_INFO_PREFIX = "";
			};
			name = Release;
		};
		BBAFFBD52C340D12005703B0 /* Debug */ = {
			isa = XCBuildConfiguration;
			buildSettings = {
				BUILD_LIBRARY_FOR_DISTRIBUTION = YES;
				CODE_SIGN_IDENTITY = "";
				CODE_SIGN_STYLE = Automatic;
				CURRENT_PROJECT_VERSION = 1;
				DEFINES_MODULE = YES;
				DEVELOPMENT_TEAM = YTHC5U3V42;
				DYLIB_COMPATIBILITY_VERSION = 1;
				DYLIB_CURRENT_VERSION = 1;
				DYLIB_INSTALL_NAME_BASE = "@rpath";
				ENABLE_MODULE_VERIFIER = YES;
				ENABLE_USER_SCRIPT_SANDBOXING = NO;
				GENERATE_INFOPLIST_FILE = YES;
				INFOPLIST_KEY_NSHumanReadableCopyright = "";
				INSTALL_PATH = "$(LOCAL_LIBRARY_DIR)/Frameworks";
				IPHONEOS_DEPLOYMENT_TARGET = 14.0;
				LD_RUNPATH_SEARCH_PATHS = (
					"$(inherited)",
					"@executable_path/Frameworks",
					"@loader_path/Frameworks",
				);
				MARKETING_VERSION = 1.0;
				MODULE_VERIFIER_SUPPORTED_LANGUAGES = "objective-c objective-c++";
				MODULE_VERIFIER_SUPPORTED_LANGUAGE_STANDARDS = "gnu17 gnu++20";
				PRODUCT_BUNDLE_IDENTIFIER = salmik.EasyCode;
				PRODUCT_NAME = "$(TARGET_NAME:c99extidentifier)";
				SKIP_INSTALL = YES;
				SUPPORTED_PLATFORMS = "iphoneos iphonesimulator";
				SUPPORTS_MACCATALYST = NO;
				SUPPORTS_MAC_DESIGNED_FOR_IPHONE_IPAD = NO;
				SUPPORTS_XR_DESIGNED_FOR_IPHONE_IPAD = NO;
				SWIFT_EMIT_LOC_STRINGS = YES;
				SWIFT_INSTALL_OBJC_HEADER = NO;
				SWIFT_VERSION = 5.0;
				TARGETED_DEVICE_FAMILY = "1,2";
			};
			name = Debug;
		};
		BBAFFBD62C340D12005703B0 /* Release */ = {
			isa = XCBuildConfiguration;
			buildSettings = {
				BUILD_LIBRARY_FOR_DISTRIBUTION = YES;
				CODE_SIGN_IDENTITY = "";
				CODE_SIGN_STYLE = Automatic;
				CURRENT_PROJECT_VERSION = 1;
				DEFINES_MODULE = YES;
				DEVELOPMENT_TEAM = YTHC5U3V42;
				DYLIB_COMPATIBILITY_VERSION = 1;
				DYLIB_CURRENT_VERSION = 1;
				DYLIB_INSTALL_NAME_BASE = "@rpath";
				ENABLE_MODULE_VERIFIER = YES;
				ENABLE_USER_SCRIPT_SANDBOXING = NO;
				GENERATE_INFOPLIST_FILE = YES;
				INFOPLIST_KEY_NSHumanReadableCopyright = "";
				INSTALL_PATH = "$(LOCAL_LIBRARY_DIR)/Frameworks";
				IPHONEOS_DEPLOYMENT_TARGET = 14.0;
				LD_RUNPATH_SEARCH_PATHS = (
					"$(inherited)",
					"@executable_path/Frameworks",
					"@loader_path/Frameworks",
				);
				MARKETING_VERSION = 1.0;
				MODULE_VERIFIER_SUPPORTED_LANGUAGES = "objective-c objective-c++";
				MODULE_VERIFIER_SUPPORTED_LANGUAGE_STANDARDS = "gnu17 gnu++20";
				PRODUCT_BUNDLE_IDENTIFIER = salmik.EasyCode;
				PRODUCT_NAME = "$(TARGET_NAME:c99extidentifier)";
				SKIP_INSTALL = YES;
				SUPPORTED_PLATFORMS = "iphoneos iphonesimulator";
				SUPPORTS_MACCATALYST = NO;
				SUPPORTS_MAC_DESIGNED_FOR_IPHONE_IPAD = NO;
				SUPPORTS_XR_DESIGNED_FOR_IPHONE_IPAD = NO;
				SWIFT_EMIT_LOC_STRINGS = YES;
				SWIFT_INSTALL_OBJC_HEADER = NO;
				SWIFT_VERSION = 5.0;
				TARGETED_DEVICE_FAMILY = "1,2";
			};
			name = Release;
		};
		BBAFFBD82C340D12005703B0 /* Debug */ = {
			isa = XCBuildConfiguration;
			buildSettings = {
				CODE_SIGN_STYLE = Automatic;
				CURRENT_PROJECT_VERSION = 1;
				DEVELOPMENT_TEAM = YTHC5U3V42;
				GENERATE_INFOPLIST_FILE = YES;
				MARKETING_VERSION = 1.0;
				PRODUCT_BUNDLE_IDENTIFIER = salmik.EasyCodeTests;
				PRODUCT_NAME = "$(TARGET_NAME)";
				SUPPORTED_PLATFORMS = "iphoneos iphonesimulator";
				SUPPORTS_MACCATALYST = NO;
				SUPPORTS_MAC_DESIGNED_FOR_IPHONE_IPAD = NO;
				SUPPORTS_XR_DESIGNED_FOR_IPHONE_IPAD = NO;
				SWIFT_EMIT_LOC_STRINGS = NO;
				SWIFT_VERSION = 5.0;
				TARGETED_DEVICE_FAMILY = 1;
			};
			name = Debug;
		};
		BBAFFBD92C340D12005703B0 /* Release */ = {
			isa = XCBuildConfiguration;
			buildSettings = {
				CODE_SIGN_STYLE = Automatic;
				CURRENT_PROJECT_VERSION = 1;
				DEVELOPMENT_TEAM = YTHC5U3V42;
				GENERATE_INFOPLIST_FILE = YES;
				MARKETING_VERSION = 1.0;
				PRODUCT_BUNDLE_IDENTIFIER = salmik.EasyCodeTests;
				PRODUCT_NAME = "$(TARGET_NAME)";
				SUPPORTED_PLATFORMS = "iphoneos iphonesimulator";
				SUPPORTS_MACCATALYST = NO;
				SUPPORTS_MAC_DESIGNED_FOR_IPHONE_IPAD = NO;
				SUPPORTS_XR_DESIGNED_FOR_IPHONE_IPAD = NO;
				SWIFT_EMIT_LOC_STRINGS = NO;
				SWIFT_VERSION = 5.0;
				TARGETED_DEVICE_FAMILY = 1;
			};
			name = Release;
		};
/* End XCBuildConfiguration section */

/* Begin XCConfigurationList section */
		BBAFFBBA2C340D12005703B0 /* Build configuration list for PBXProject "EasyCode" */ = {
			isa = XCConfigurationList;
			buildConfigurations = (
				BBAFFBD22C340D12005703B0 /* Debug */,
				BBAFFBD32C340D12005703B0 /* Release */,
			);
			defaultConfigurationIsVisible = 0;
			defaultConfigurationName = Release;
		};
		BBAFFBD42C340D12005703B0 /* Build configuration list for PBXNativeTarget "EasyCode" */ = {
			isa = XCConfigurationList;
			buildConfigurations = (
				BBAFFBD52C340D12005703B0 /* Debug */,
				BBAFFBD62C340D12005703B0 /* Release */,
			);
			defaultConfigurationIsVisible = 0;
			defaultConfigurationName = Release;
		};
		BBAFFBD72C340D12005703B0 /* Build configuration list for PBXNativeTarget "EasyCodeTests" */ = {
			isa = XCConfigurationList;
			buildConfigurations = (
				BBAFFBD82C340D12005703B0 /* Debug */,
				BBAFFBD92C340D12005703B0 /* Release */,
			);
			defaultConfigurationIsVisible = 0;
			defaultConfigurationName = Release;
		};
/* End XCConfigurationList section */
	};
	rootObject = BBAFFBB72C340D12005703B0 /* Project object */;
}
